
Microsoft Visual Studio Solution File, Format Version 12.00
# Visual Studio Version 17
VisualStudioVersion = 17.7.34018.315
MinimumVisualStudioVersion = 10.0.40219.1
Project("{FAE04EC0-301F-11D3-BF4B-00C04F79EFBC}") = "UserServices", "UserServices\UserServices.csproj", "{7CA0C665-BBD1-4BD9-ACB6-62D3ECC40F18}"
EndProject
Project("{FAE04EC0-301F-11D3-BF4B-00C04F79EFBC}") = "User.Core", "User.Core\User.Core.csproj", "{5FC63308-ACBD-4255-B206-DED24F08B902}"
EndProject
Project("{FAE04EC0-301F-11D3-BF4B-00C04F79EFBC}") = "User.Domain", "User.Domain\User.Domain.csproj", "{17A31ED3-D8C7-4A7B-9308-DB5A04238F6A}"
EndProject
Project("{FAE04EC0-301F-11D3-BF4B-00C04F79EFBC}") = "User.Application", "User.Application\User.Application.csproj", "{878DFBE6-B068-4D8C-9ADA-8C199C4BCF1A}"
EndProject
Project("{FAE04EC0-301F-11D3-BF4B-00C04F79EFBC}") = "User.Tests", "User.Tests\User.Tests.csproj", "{B1F5AF2B-EFD7-42EB-BEAD-23C85345CA79}"
EndProject
Global
	GlobalSection(SolutionConfigurationPlatforms) = preSolution
		Debug|Any CPU = Debug|Any CPU
		Release|Any CPU = Release|Any CPU
	EndGlobalSection
	GlobalSection(ProjectConfigurationPlatforms) = postSolution
		{7CA0C665-BBD1-4BD9-ACB6-62D3ECC40F18}.Debug|Any CPU.ActiveCfg = Debug|Any CPU
		{7CA0C665-BBD1-4BD9-ACB6-62D3ECC40F18}.Debug|Any CPU.Build.0 = Debug|Any CPU
		{7CA0C665-BBD1-4BD9-ACB6-62D3ECC40F18}.Release|Any CPU.ActiveCfg = Release|Any CPU
		{7CA0C665-BBD1-4BD9-ACB6-62D3ECC40F18}.Release|Any CPU.Build.0 = Release|Any CPU
		{5FC63308-ACBD-4255-B206-DED24F08B902}.Debug|Any CPU.ActiveCfg = Debug|Any CPU
		{5FC63308-ACBD-4255-B206-DED24F08B902}.Debug|Any CPU.Build.0 = Debug|Any CPU
		{5FC63308-ACBD-4255-B206-DED24F08B902}.Release|Any CPU.ActiveCfg = Release|Any CPU
		{5FC63308-ACBD-4255-B206-DED24F08B902}.Release|Any CPU.Build.0 = Release|Any CPU
		{17A31ED3-D8C7-4A7B-9308-DB5A04238F6A}.Debug|Any CPU.ActiveCfg = Debug|Any CPU
		{17A31ED3-D8C7-4A7B-9308-DB5A04238F6A}.Debug|Any CPU.Build.0 = Debug|Any CPU
		{17A31ED3-D8C7-4A7B-9308-DB5A04238F6A}.Release|Any CPU.ActiveCfg = Release|Any CPU
		{17A31ED3-D8C7-4A7B-9308-DB5A04238F6A}.Release|Any CPU.Build.0 = Release|Any CPU
		{878DFBE6-B068-4D8C-9ADA-8C199C4BCF1A}.Debug|Any CPU.ActiveCfg = Debug|Any CPU
		{878DFBE6-B068-4D8C-9ADA-8C199C4BCF1A}.Debug|Any CPU.Build.0 = Debug|Any CPU
		{878DFBE6-B068-4D8C-9ADA-8C199C4BCF1A}.Release|Any CPU.ActiveCfg = Release|Any CPU
		{878DFBE6-B068-4D8C-9ADA-8C199C4BCF1A}.Release|Any CPU.Build.0 = Release|Any CPU
		{B1F5AF2B-EFD7-42EB-BEAD-23C85345CA79}.Debug|Any CPU.ActiveCfg = Debug|Any CPU
		{B1F5AF2B-EFD7-42EB-BEAD-23C85345CA79}.Debug|Any CPU.Build.0 = Debug|Any CPU
		{B1F5AF2B-EFD7-42EB-BEAD-23C85345CA79}.Release|Any CPU.ActiveCfg = Release|Any CPU
		{B1F5AF2B-EFD7-42EB-BEAD-23C85345CA79}.Release|Any CPU.Build.0 = Release|Any CPU
	EndGlobalSection
	GlobalSection(SolutionProperties) = preSolution
		HideSolutionNode = FALSE
	EndGlobalSection
	GlobalSection(ExtensibilityGlobals) = postSolution
		SolutionGuid = {4415F30A-1738-4452-AA60-5E4C9E95EC31}
	EndGlobalSection
EndGlobal
